
Microsoft Visual Studio Solution File, Format Version 12.00
# Visual Studio Version 16
VisualStudioVersion = 16.0.30804.86
MinimumVisualStudioVersion = 10.0.40219.1
Project("{8BC9CEB8-8B4A-11D0-8D11-00A0C91BC942}") = "Comp_Math_Lab_9", "Comp_Math_Lab_9.vcxproj", "{DD2EC789-9028-4428-A600-4C7AD55A3095}"
EndProject
Global
	GlobalSection(SolutionConfigurationPlatforms) = preSolution
		Debug|x64 = Debug|x64
		Debug|x86 = Debug|x86
		Release|x64 = Release|x64
		Release|x86 = Release|x86
	EndGlobalSection
	GlobalSection(ProjectConfigurationPlatforms) = postSolution
		{DD2EC789-9028-4428-A600-4C7AD55A3095}.Debug|x64.ActiveCfg = Debug|x64
		{DD2EC789-9028-4428-A600-4C7AD55A3095}.Debug|x64.Build.0 = Debug|x64
		{DD2EC789-9028-4428-A600-4C7AD55A3095}.Debug|x86.ActiveCfg = Debug|Win32
		{DD2EC789-9028-4428-A600-4C7AD55A3095}.Debug|x86.Build.0 = Debug|Win32
		{DD2EC789-9028-4428-A600-4C7AD55A3095}.Release|x64.ActiveCfg = Release|x64
		{DD2EC789-9028-4428-A600-4C7AD55A3095}.Release|x64.Build.0 = Release|x64
		{DD2EC789-9028-4428-A600-4C7AD55A3095}.Release|x86.ActiveCfg = Release|Win32
		{DD2EC789-9028-4428-A600-4C7AD55A3095}.Release|x86.Build.0 = Release|Win32
	EndGlobalSection
	GlobalSection(SolutionProperties) = preSolution
		HideSolutionNode = FALSE
	EndGlobalSection
	GlobalSection(ExtensibilityGlobals) = postSolution
		SolutionGuid = {24C5D87B-28A2-4115-9AEC-9558E8E6EF30}
	EndGlobalSection
EndGlobal
